
Microsoft Visual Studio Solution File, Format Version 12.00
# Visual Studio Version 17
VisualStudioVersion = 17.2.32630.192
MinimumVisualStudioVersion = 10.0.40219.1
Project("{FAE04EC0-301F-11D3-BF4B-00C04F79EFBC}") = "ApiDotnetRobusta.Domain", "ApiDotnetRobusta.Domain\ApiDotnetRobusta.Domain.csproj", "{37E94718-A8B9-42DE-BB45-999611889E07}"
EndProject
Project("{FAE04EC0-301F-11D3-BF4B-00C04F79EFBC}") = "ApiDotnet.Robusta.Infra.Data", "ApiDotnet.Robusta.Infra.Data\ApiDotnet.Robusta.Infra.Data.csproj", "{2FA2A63A-D19B-4959-86EC-77FB62732C49}"
EndProject
Project("{FAE04EC0-301F-11D3-BF4B-00C04F79EFBC}") = "ApiDotenet.Robusta.Application", "ApiDotenet.Robusta.Application\ApiDotenet.Robusta.Application.csproj", "{F5FFA9B2-B20F-401E-B092-730B08C20BCE}"
EndProject
Project("{FAE04EC0-301F-11D3-BF4B-00C04F79EFBC}") = "ApiDotnet.Robusta.Infra.IoC", "ApiDotnet.Robusta.Infra.IoC\ApiDotnet.Robusta.Infra.IoC.csproj", "{F1025FEA-F5EA-4344-810B-75368FA9B16A}"
EndProject
Project("{FAE04EC0-301F-11D3-BF4B-00C04F79EFBC}") = "ApiDotnet.Api", "ApiDotnet.Api\ApiDotnet.Api.csproj", "{4EA52BB7-767E-4ACC-AC35-AA7696C79D58}"
EndProject
Global
	GlobalSection(SolutionConfigurationPlatforms) = preSolution
		Debug|Any CPU = Debug|Any CPU
		Release|Any CPU = Release|Any CPU
	EndGlobalSection
	GlobalSection(ProjectConfigurationPlatforms) = postSolution
		{37E94718-A8B9-42DE-BB45-999611889E07}.Debug|Any CPU.ActiveCfg = Debug|Any CPU
		{37E94718-A8B9-42DE-BB45-999611889E07}.Debug|Any CPU.Build.0 = Debug|Any CPU
		{37E94718-A8B9-42DE-BB45-999611889E07}.Release|Any CPU.ActiveCfg = Release|Any CPU
		{37E94718-A8B9-42DE-BB45-999611889E07}.Release|Any CPU.Build.0 = Release|Any CPU
		{2FA2A63A-D19B-4959-86EC-77FB62732C49}.Debug|Any CPU.ActiveCfg = Debug|Any CPU
		{2FA2A63A-D19B-4959-86EC-77FB62732C49}.Debug|Any CPU.Build.0 = Debug|Any CPU
		{2FA2A63A-D19B-4959-86EC-77FB62732C49}.Release|Any CPU.ActiveCfg = Release|Any CPU
		{2FA2A63A-D19B-4959-86EC-77FB62732C49}.Release|Any CPU.Build.0 = Release|Any CPU
		{F5FFA9B2-B20F-401E-B092-730B08C20BCE}.Debug|Any CPU.ActiveCfg = Debug|Any CPU
		{F5FFA9B2-B20F-401E-B092-730B08C20BCE}.Debug|Any CPU.Build.0 = Debug|Any CPU
		{F5FFA9B2-B20F-401E-B092-730B08C20BCE}.Release|Any CPU.ActiveCfg = Release|Any CPU
		{F5FFA9B2-B20F-401E-B092-730B08C20BCE}.Release|Any CPU.Build.0 = Release|Any CPU
		{F1025FEA-F5EA-4344-810B-75368FA9B16A}.Debug|Any CPU.ActiveCfg = Debug|Any CPU
		{F1025FEA-F5EA-4344-810B-75368FA9B16A}.Debug|Any CPU.Build.0 = Debug|Any CPU
		{F1025FEA-F5EA-4344-810B-75368FA9B16A}.Release|Any CPU.ActiveCfg = Release|Any CPU
		{F1025FEA-F5EA-4344-810B-75368FA9B16A}.Release|Any CPU.Build.0 = Release|Any CPU
		{4EA52BB7-767E-4ACC-AC35-AA7696C79D58}.Debug|Any CPU.ActiveCfg = Debug|Any CPU
		{4EA52BB7-767E-4ACC-AC35-AA7696C79D58}.Debug|Any CPU.Build.0 = Debug|Any CPU
		{4EA52BB7-767E-4ACC-AC35-AA7696C79D58}.Release|Any CPU.ActiveCfg = Release|Any CPU
		{4EA52BB7-767E-4ACC-AC35-AA7696C79D58}.Release|Any CPU.Build.0 = Release|Any CPU
	EndGlobalSection
	GlobalSection(SolutionProperties) = preSolution
		HideSolutionNode = FALSE
	EndGlobalSection
	GlobalSection(ExtensibilityGlobals) = postSolution
		SolutionGuid = {7B29E6B3-BA25-41A8-B5A3-907076ED6237}
	EndGlobalSection
EndGlobal
